// !$*UTF8*$!
{
	archiveVersion = 1;
	classes = {
	};
	objectVersion = 56;
	objects = {

/* Begin PBXBuildFile section */
		399AAEE62CD93D58006B790B /* StreamApiView.swift in Sources */ = {isa = PBXBuildFile; fileRef = 399AAEE52CD93D58006B790B /* StreamApiView.swift */; };
		399AAEE82CD93D6C006B790B /* photoLoadingView.swift in Sources */ = {isa = PBXBuildFile; fileRef = 399AAEE72CD93D6C006B790B /* photoLoadingView.swift */; };
		399AAEEC2CD94C3A006B790B /* StreamApiCell.swift in Sources */ = {isa = PBXBuildFile; fileRef = 399AAEEA2CD94C3A006B790B /* StreamApiCell.swift */; };
		399AAEED2CD94C3A006B790B /* StreamApiCell.xib in Resources */ = {isa = PBXBuildFile; fileRef = 399AAEEB2CD94C3A006B790B /* StreamApiCell.xib */; };
		399AAEF02CD94C5D006B790B /* ImageCell.swift in Sources */ = {isa = PBXBuildFile; fileRef = 399AAEEE2CD94C5D006B790B /* ImageCell.swift */; };
		399AAEF12CD94C5D006B790B /* ImageCell.xib in Resources */ = {isa = PBXBuildFile; fileRef = 399AAEEF2CD94C5D006B790B /* ImageCell.xib */; };
		399AAEF42CD94D3D006B790B /* StreamApiViewModel.swift in Sources */ = {isa = PBXBuildFile; fileRef = 399AAEF32CD94D3D006B790B /* StreamApiViewModel.swift */; };
		399AAEF62CD94D4D006B790B /* PhotoApiViewModel.swift in Sources */ = {isa = PBXBuildFile; fileRef = 399AAEF52CD94D4D006B790B /* PhotoApiViewModel.swift */; };
		399AAEFB2CD954AD006B790B /* StreamApiModel.swift in Sources */ = {isa = PBXBuildFile; fileRef = 399AAEFA2CD954AD006B790B /* StreamApiModel.swift */; };
		399AAEFD2CD9781B006B790B /* PhotoApiManager.swift in Sources */ = {isa = PBXBuildFile; fileRef = 399AAEFC2CD9781B006B790B /* PhotoApiManager.swift */; };
		399AAEFF2CD97B5E006B790B /* ImageModel.swift in Sources */ = {isa = PBXBuildFile; fileRef = 399AAEFE2CD97B5E006B790B /* ImageModel.swift */; };
		39AFF9CA2CD63C1D00B00CF9 /* AppDelegate.swift in Sources */ = {isa = PBXBuildFile; fileRef = 39AFF9C92CD63C1D00B00CF9 /* AppDelegate.swift */; };
		39AFF9CC2CD63C1D00B00CF9 /* SceneDelegate.swift in Sources */ = {isa = PBXBuildFile; fileRef = 39AFF9CB2CD63C1D00B00CF9 /* SceneDelegate.swift */; };
		39AFF9CE2CD63C1D00B00CF9 /* ViewController.swift in Sources */ = {isa = PBXBuildFile; fileRef = 39AFF9CD2CD63C1D00B00CF9 /* ViewController.swift */; };
		39AFF9D12CD63C1D00B00CF9 /* Main.storyboard in Resources */ = {isa = PBXBuildFile; fileRef = 39AFF9CF2CD63C1D00B00CF9 /* Main.storyboard */; };
		39AFF9D32CD63C1E00B00CF9 /* Assets.xcassets in Resources */ = {isa = PBXBuildFile; fileRef = 39AFF9D22CD63C1E00B00CF9 /* Assets.xcassets */; };
		39AFF9D62CD63C1E00B00CF9 /* LaunchScreen.storyboard in Resources */ = {isa = PBXBuildFile; fileRef = 39AFF9D42CD63C1E00B00CF9 /* LaunchScreen.storyboard */; };
		39AFF9DF2CD63E0500B00CF9 /* StreamAPIManager.swift in Sources */ = {isa = PBXBuildFile; fileRef = 39AFF9DE2CD63E0500B00CF9 /* StreamAPIManager.swift */; };
/* End PBXBuildFile section */

/* Begin PBXFileReference section */
		399AAEE52CD93D58006B790B /* StreamApiView.swift */ = {isa = PBXFileReference; lastKnownFileType = sourcecode.swift; path = StreamApiView.swift; sourceTree = "<group>"; };
		399AAEE72CD93D6C006B790B /* photoLoadingView.swift */ = {isa = PBXFileReference; lastKnownFileType = sourcecode.swift; path = photoLoadingView.swift; sourceTree = "<group>"; };
		399AAEEA2CD94C3A006B790B /* StreamApiCell.swift */ = {isa = PBXFileReference; lastKnownFileType = sourcecode.swift; path = StreamApiCell.swift; sourceTree = "<group>"; };
		399AAEEB2CD94C3A006B790B /* StreamApiCell.xib */ = {isa = PBXFileReference; lastKnownFileType = file.xib; path = StreamApiCell.xib; sourceTree = "<group>"; };
		399AAEEE2CD94C5D006B790B /* ImageCell.swift */ = {isa = PBXFileReference; lastKnownFileType = sourcecode.swift; path = ImageCell.swift; sourceTree = "<group>"; };
		399AAEEF2CD94C5D006B790B /* ImageCell.xib */ = {isa = PBXFileReference; lastKnownFileType = file.xib; path = ImageCell.xib; sourceTree = "<group>"; };
		399AAEF32CD94D3D006B790B /* StreamApiViewModel.swift */ = {isa = PBXFileReference; lastKnownFileType = sourcecode.swift; path = StreamApiViewModel.swift; sourceTree = "<group>"; };
		399AAEF52CD94D4D006B790B /* PhotoApiViewModel.swift */ = {isa = PBXFileReference; lastKnownFileType = sourcecode.swift; path = PhotoApiViewModel.swift; sourceTree = "<group>"; };
		399AAEFA2CD954AD006B790B /* StreamApiModel.swift */ = {isa = PBXFileReference; lastKnownFileType = sourcecode.swift; path = StreamApiModel.swift; sourceTree = "<group>"; };
		399AAEFC2CD9781B006B790B /* PhotoApiManager.swift */ = {isa = PBXFileReference; lastKnownFileType = sourcecode.swift; path = PhotoApiManager.swift; sourceTree = "<group>"; };
		399AAEFE2CD97B5E006B790B /* ImageModel.swift */ = {isa = PBXFileReference; lastKnownFileType = sourcecode.swift; path = ImageModel.swift; sourceTree = "<group>"; };
		39AFF9C62CD63C1D00B00CF9 /* assessmentTask.app */ = {isa = PBXFileReference; explicitFileType = wrapper.application; includeInIndex = 0; path = assessmentTask.app; sourceTree = BUILT_PRODUCTS_DIR; };
		39AFF9C92CD63C1D00B00CF9 /* AppDelegate.swift */ = {isa = PBXFileReference; lastKnownFileType = sourcecode.swift; path = AppDelegate.swift; sourceTree = "<group>"; };
		39AFF9CB2CD63C1D00B00CF9 /* SceneDelegate.swift */ = {isa = PBXFileReference; lastKnownFileType = sourcecode.swift; path = SceneDelegate.swift; sourceTree = "<group>"; };
		39AFF9CD2CD63C1D00B00CF9 /* ViewController.swift */ = {isa = PBXFileReference; lastKnownFileType = sourcecode.swift; path = ViewController.swift; sourceTree = "<group>"; };
		39AFF9D02CD63C1D00B00CF9 /* Base */ = {isa = PBXFileReference; lastKnownFileType = file.storyboard; name = Base; path = Base.lproj/Main.storyboard; sourceTree = "<group>"; };
		39AFF9D22CD63C1E00B00CF9 /* Assets.xcassets */ = {isa = PBXFileReference; lastKnownFileType = folder.assetcatalog; path = Assets.xcassets; sourceTree = "<group>"; };
		39AFF9D52CD63C1E00B00CF9 /* Base */ = {isa = PBXFileReference; lastKnownFileType = file.storyboard; name = Base; path = Base.lproj/LaunchScreen.storyboard; sourceTree = "<group>"; };
		39AFF9D72CD63C1E00B00CF9 /* Info.plist */ = {isa = PBXFileReference; lastKnownFileType = text.plist.xml; path = Info.plist; sourceTree = "<group>"; };
		39AFF9DE2CD63E0500B00CF9 /* StreamAPIManager.swift */ = {isa = PBXFileReference; lastKnownFileType = sourcecode.swift; path = StreamAPIManager.swift; sourceTree = "<group>"; };
/* End PBXFileReference section */

/* Begin PBXFrameworksBuildPhase section */
		39AFF9C32CD63C1D00B00CF9 /* Frameworks */ = {
			isa = PBXFrameworksBuildPhase;
			buildActionMask = 2147483647;
			files = (
			);
			runOnlyForDeploymentPostprocessing = 0;
		};
/* End PBXFrameworksBuildPhase section */

/* Begin PBXGroup section */
		399AAEE42CD93D1A006B790B /* Views */ = {
			isa = PBXGroup;
			children = (
				399AAEE92CD94C1D006B790B /* TVCell */,
				399AAEE52CD93D58006B790B /* StreamApiView.swift */,
				399AAEE72CD93D6C006B790B /* photoLoadingView.swift */,
			);
			name = Views;
			sourceTree = "<group>";
		};
		399AAEE92CD94C1D006B790B /* TVCell */ = {
			isa = PBXGroup;
			children = (
				399AAEEA2CD94C3A006B790B /* StreamApiCell.swift */,
				399AAEEB2CD94C3A006B790B /* StreamApiCell.xib */,
				399AAEEE2CD94C5D006B790B /* ImageCell.swift */,
				399AAEEF2CD94C5D006B790B /* ImageCell.xib */,
			);
			name = TVCell;
			sourceTree = "<group>";
		};
		399AAEF22CD94D15006B790B /* ViewModels */ = {
			isa = PBXGroup;
			children = (
				399AAEF32CD94D3D006B790B /* StreamApiViewModel.swift */,
				399AAEF52CD94D4D006B790B /* PhotoApiViewModel.swift */,
			);
			name = ViewModels;
			sourceTree = "<group>";
		};
		399AAEF92CD95499006B790B /* Models */ = {
			isa = PBXGroup;
			children = (
				399AAEFA2CD954AD006B790B /* StreamApiModel.swift */,
				399AAEFE2CD97B5E006B790B /* ImageModel.swift */,
			);
			name = Models;
			sourceTree = "<group>";
		};
		39AFF9BD2CD63C1D00B00CF9 = {
			isa = PBXGroup;
			children = (
				39AFF9C82CD63C1D00B00CF9 /* assessmentTask */,
				39AFF9C72CD63C1D00B00CF9 /* Products */,
			);
			sourceTree = "<group>";
		};
		39AFF9C72CD63C1D00B00CF9 /* Products */ = {
			isa = PBXGroup;
			children = (
				39AFF9C62CD63C1D00B00CF9 /* assessmentTask.app */,
			);
			name = Products;
			sourceTree = "<group>";
		};
		39AFF9C82CD63C1D00B00CF9 /* assessmentTask */ = {
			isa = PBXGroup;
			children = (
				399AAEF92CD95499006B790B /* Models */,
				399AAEF22CD94D15006B790B /* ViewModels */,
				399AAEE42CD93D1A006B790B /* Views */,
				39AFF9DD2CD63DD600B00CF9 /* APIManager */,
				39AFF9C92CD63C1D00B00CF9 /* AppDelegate.swift */,
				39AFF9CB2CD63C1D00B00CF9 /* SceneDelegate.swift */,
				39AFF9CD2CD63C1D00B00CF9 /* ViewController.swift */,
				39AFF9CF2CD63C1D00B00CF9 /* Main.storyboard */,
				39AFF9D22CD63C1E00B00CF9 /* Assets.xcassets */,
				39AFF9D42CD63C1E00B00CF9 /* LaunchScreen.storyboard */,
				39AFF9D72CD63C1E00B00CF9 /* Info.plist */,
			);
			path = assessmentTask;
			sourceTree = "<group>";
		};
		39AFF9DD2CD63DD600B00CF9 /* APIManager */ = {
			isa = PBXGroup;
			children = (
				39AFF9DE2CD63E0500B00CF9 /* StreamAPIManager.swift */,
				399AAEFC2CD9781B006B790B /* PhotoApiManager.swift */,
			);
			name = APIManager;
			sourceTree = "<group>";
		};
/* End PBXGroup section */

/* Begin PBXNativeTarget section */
		39AFF9C52CD63C1D00B00CF9 /* assessmentTask */ = {
			isa = PBXNativeTarget;
			buildConfigurationList = 39AFF9DA2CD63C1E00B00CF9 /* Build configuration list for PBXNativeTarget "assessmentTask" */;
			buildPhases = (
				39AFF9C22CD63C1D00B00CF9 /* Sources */,
				39AFF9C32CD63C1D00B00CF9 /* Frameworks */,
				39AFF9C42CD63C1D00B00CF9 /* Resources */,
			);
			buildRules = (
			);
			dependencies = (
			);
			name = assessmentTask;
			productName = assessmentTask;
			productReference = 39AFF9C62CD63C1D00B00CF9 /* assessmentTask.app */;
			productType = "com.apple.product-type.application";
		};
/* End PBXNativeTarget section */

/* Begin PBXProject section */
		39AFF9BE2CD63C1D00B00CF9 /* Project object */ = {
			isa = PBXProject;
			attributes = {
				BuildIndependentTargetsInParallel = 1;
				LastSwiftUpdateCheck = 1500;
				LastUpgradeCheck = 1500;
				TargetAttributes = {
					39AFF9C52CD63C1D00B00CF9 = {
						CreatedOnToolsVersion = 15.0.1;
					};
				};
			};
			buildConfigurationList = 39AFF9C12CD63C1D00B00CF9 /* Build configuration list for PBXProject "assessmentTask" */;
			compatibilityVersion = "Xcode 14.0";
			developmentRegion = en;
			hasScannedForEncodings = 0;
			knownRegions = (
				en,
				Base,
			);
			mainGroup = 39AFF9BD2CD63C1D00B00CF9;
			productRefGroup = 39AFF9C72CD63C1D00B00CF9 /* Products */;
			projectDirPath = "";
			projectRoot = "";
			targets = (
				39AFF9C52CD63C1D00B00CF9 /* assessmentTask */,
			);
		};
/* End PBXProject section */

/* Begin PBXResourcesBuildPhase section */
		39AFF9C42CD63C1D00B00CF9 /* Resources */ = {
			isa = PBXResourcesBuildPhase;
			buildActionMask = 2147483647;
			files = (
				399AAEED2CD94C3A006B790B /* StreamApiCell.xib in Resources */,
				39AFF9D62CD63C1E00B00CF9 /* LaunchScreen.storyboard in Resources */,
				39AFF9D32CD63C1E00B00CF9 /* Assets.xcassets in Resources */,
				399AAEF12CD94C5D006B790B /* ImageCell.xib in Resources */,
				39AFF9D12CD63C1D00B00CF9 /* Main.storyboard in Resources */,
			);
			runOnlyForDeploymentPostprocessing = 0;
		};
/* End PBXResourcesBuildPhase section */

/* Begin PBXSourcesBuildPhase section */
		39AFF9C22CD63C1D00B00CF9 /* Sources */ = {
			isa = PBXSourcesBuildPhase;
			buildActionMask = 2147483647;
			files = (
				399AAEF62CD94D4D006B790B /* PhotoApiViewModel.swift in Sources */,
				39AFF9CE2CD63C1D00B00CF9 /* ViewController.swift in Sources */,
				399AAEF42CD94D3D006B790B /* StreamApiViewModel.swift in Sources */,
				39AFF9CA2CD63C1D00B00CF9 /* AppDelegate.swift in Sources */,
				399AAEFD2CD9781B006B790B /* PhotoApiManager.swift in Sources */,
				399AAEE82CD93D6C006B790B /* photoLoadingView.swift in Sources */,
				399AAEFB2CD954AD006B790B /* StreamApiModel.swift in Sources */,
				399AAEEC2CD94C3A006B790B /* StreamApiCell.swift in Sources */,
				39AFF9DF2CD63E0500B00CF9 /* StreamAPIManager.swift in Sources */,
				399AAEF02CD94C5D006B790B /* ImageCell.swift in Sources */,
				39AFF9CC2CD63C1D00B00CF9 /* SceneDelegate.swift in Sources */,
				399AAEFF2CD97B5E006B790B /* ImageModel.swift in Sources */,
				399AAEE62CD93D58006B790B /* StreamApiView.swift in Sources */,
			);
			runOnlyForDeploymentPostprocessing = 0;
		};
/* End PBXSourcesBuildPhase section */

/* Begin PBXVariantGroup section */
		39AFF9CF2CD63C1D00B00CF9 /* Main.storyboard */ = {
			isa = PBXVariantGroup;
			children = (
				39AFF9D02CD63C1D00B00CF9 /* Base */,
			);
			name = Main.storyboard;
			sourceTree = "<group>";
		};
		39AFF9D42CD63C1E00B00CF9 /* LaunchScreen.storyboard */ = {
			isa = PBXVariantGroup;
			children = (
				39AFF9D52CD63C1E00B00CF9 /* Base */,
			);
			name = LaunchScreen.storyboard;
			sourceTree = "<group>";
		};
/* End PBXVariantGroup section */

/* Begin XCBuildConfiguration section */
		39AFF9D82CD63C1E00B00CF9 /* Debug */ = {
			isa = XCBuildConfiguration;
			buildSettings = {
				ALWAYS_SEARCH_USER_PATHS = NO;
				ASSETCATALOG_COMPILER_GENERATE_SWIFT_ASSET_SYMBOL_EXTENSIONS = YES;
				CLANG_ANALYZER_NONNULL = YES;
				CLANG_ANALYZER_NUMBER_OBJECT_CONVERSION = YES_AGGRESSIVE;
				CLANG_CXX_LANGUAGE_STANDARD = "gnu++20";
				CLANG_ENABLE_MODULES = YES;
				CLANG_ENABLE_OBJC_ARC = YES;
				CLANG_ENABLE_OBJC_WEAK = YES;
				CLANG_WARN_BLOCK_CAPTURE_AUTORELEASING = YES;
				CLANG_WARN_BOOL_CONVERSION = YES;
				CLANG_WARN_COMMA = YES;
				CLANG_WARN_CONSTANT_CONVERSION = YES;
				CLANG_WARN_DEPRECATED_OBJC_IMPLEMENTATIONS = YES;
				CLANG_WARN_DIRECT_OBJC_ISA_USAGE = YES_ERROR;
				CLANG_WARN_DOCUMENTATION_COMMENTS = YES;
				CLANG_WARN_EMPTY_BODY = YES;
				CLANG_WARN_ENUM_CONVERSION = YES;
				CLANG_WARN_INFINITE_RECURSION = YES;
				CLANG_WARN_INT_CONVERSION = YES;
				CLANG_WARN_NON_LITERAL_NULL_CONVERSION = YES;
				CLANG_WARN_OBJC_IMPLICIT_RETAIN_SELF = YES;
				CLANG_WARN_OBJC_LITERAL_CONVERSION = YES;
				CLANG_WARN_OBJC_ROOT_CLASS = YES_ERROR;
				CLANG_WARN_QUOTED_INCLUDE_IN_FRAMEWORK_HEADER = YES;
				CLANG_WARN_RANGE_LOOP_ANALYSIS = YES;
				CLANG_WARN_STRICT_PROTOTYPES = YES;
				CLANG_WARN_SUSPICIOUS_MOVE = YES;
				CLANG_WARN_UNGUARDED_AVAILABILITY = YES_AGGRESSIVE;
				CLANG_WARN_UNREACHABLE_CODE = YES;
				CLANG_WARN__DUPLICATE_METHOD_MATCH = YES;
				COPY_PHASE_STRIP = NO;
				DEBUG_INFORMATION_FORMAT = dwarf;
				ENABLE_STRICT_OBJC_MSGSEND = YES;
				ENABLE_TESTABILITY = YES;
				ENABLE_USER_SCRIPT_SANDBOXING = YES;
				GCC_C_LANGUAGE_STANDARD = gnu17;
				GCC_DYNAMIC_NO_PIC = NO;
				GCC_NO_COMMON_BLOCKS = YES;
				GCC_OPTIMIZATION_LEVEL = 0;
				GCC_PREPROCESSOR_DEFINITIONS = (
					"DEBUG=1",
					"$(inherited)",
				);
				GCC_WARN_64_TO_32_BIT_CONVERSION = YES;
				GCC_WARN_ABOUT_RETURN_TYPE = YES_ERROR;
				GCC_WARN_UNDECLARED_SELECTOR = YES;
				GCC_WARN_UNINITIALIZED_AUTOS = YES_AGGRESSIVE;
				GCC_WARN_UNUSED_FUNCTION = YES;
				GCC_WARN_UNUSED_VARIABLE = YES;
				IPHONEOS_DEPLOYMENT_TARGET = 17.0;
				LOCALIZATION_PREFERS_STRING_CATALOGS = YES;
				MTL_ENABLE_DEBUG_INFO = INCLUDE_SOURCE;
				MTL_FAST_MATH = YES;
				ONLY_ACTIVE_ARCH = YES;
				SDKROOT = iphoneos;
				SWIFT_ACTIVE_COMPILATION_CONDITIONS = "DEBUG $(inherited)";
				SWIFT_OPTIMIZATION_LEVEL = "-Onone";
			};
			name = Debug;
		};
		39AFF9D92CD63C1E00B00CF9 /* Release */ = {
			isa = XCBuildConfiguration;
			buildSettings = {
				ALWAYS_SEARCH_USER_PATHS = NO;
				ASSETCATALOG_COMPILER_GENERATE_SWIFT_ASSET_SYMBOL_EXTENSIONS = YES;
				CLANG_ANALYZER_NONNULL = YES;
				CLANG_ANALYZER_NUMBER_OBJECT_CONVERSION = YES_AGGRESSIVE;
				CLANG_CXX_LANGUAGE_STANDARD = "gnu++20";
				CLANG_ENABLE_MODULES = YES;
				CLANG_ENABLE_OBJC_ARC = YES;
				CLANG_ENABLE_OBJC_WEAK = YES;
				CLANG_WARN_BLOCK_CAPTURE_AUTORELEASING = YES;
				CLANG_WARN_BOOL_CONVERSION = YES;
				CLANG_WARN_COMMA = YES;
				CLANG_WARN_CONSTANT_CONVERSION = YES;
				CLANG_WARN_DEPRECATED_OBJC_IMPLEMENTATIONS = YES;
				CLANG_WARN_DIRECT_OBJC_ISA_USAGE = YES_ERROR;
				CLANG_WARN_DOCUMENTATION_COMMENTS = YES;
				CLANG_WARN_EMPTY_BODY = YES;
				CLANG_WARN_ENUM_CONVERSION = YES;
				CLANG_WARN_INFINITE_RECURSION = YES;
				CLANG_WARN_INT_CONVERSION = YES;
				CLANG_WARN_NON_LITERAL_NULL_CONVERSION = YES;
				CLANG_WARN_OBJC_IMPLICIT_RETAIN_SELF = YES;
				CLANG_WARN_OBJC_LITERAL_CONVERSION = YES;
				CLANG_WARN_OBJC_ROOT_CLASS = YES_ERROR;
				CLANG_WARN_QUOTED_INCLUDE_IN_FRAMEWORK_HEADER = YES;
				CLANG_WARN_RANGE_LOOP_ANALYSIS = YES;
				CLANG_WARN_STRICT_PROTOTYPES = YES;
				CLANG_WARN_SUSPICIOUS_MOVE = YES;
				CLANG_WARN_UNGUARDED_AVAILABILITY = YES_AGGRESSIVE;
				CLANG_WARN_UNREACHABLE_CODE = YES;
				CLANG_WARN__DUPLICATE_METHOD_MATCH = YES;
				COPY_PHASE_STRIP = NO;
				DEBUG_INFORMATION_FORMAT = "dwarf-with-dsym";
				ENABLE_NS_ASSERTIONS = NO;
				ENABLE_STRICT_OBJC_MSGSEND = YES;
				ENABLE_USER_SCRIPT_SANDBOXING = YES;
				GCC_C_LANGUAGE_STANDARD = gnu17;
				GCC_NO_COMMON_BLOCKS = YES;
				GCC_WARN_64_TO_32_BIT_CONVERSION = YES;
				GCC_WARN_ABOUT_RETURN_TYPE = YES_ERROR;
				GCC_WARN_UNDECLARED_SELECTOR = YES;
				GCC_WARN_UNINITIALIZED_AUTOS = YES_AGGRESSIVE;
				GCC_WARN_UNUSED_FUNCTION = YES;
				GCC_WARN_UNUSED_VARIABLE = YES;
				IPHONEOS_DEPLOYMENT_TARGET = 17.0;
				LOCALIZATION_PREFERS_STRING_CATALOGS = YES;
				MTL_ENABLE_DEBUG_INFO = NO;
				MTL_FAST_MATH = YES;
				SDKROOT = iphoneos;
				SWIFT_COMPILATION_MODE = wholemodule;
				VALIDATE_PRODUCT = YES;
			};
			name = Release;
		};
		39AFF9DB2CD63C1E00B00CF9 /* Debug */ = {
			isa = XCBuildConfiguration;
			buildSettings = {
				ASSETCATALOG_COMPILER_APPICON_NAME = AppIcon;
				ASSETCATALOG_COMPILER_GLOBAL_ACCENT_COLOR_NAME = AccentColor;
				CODE_SIGN_STYLE = Automatic;
				CURRENT_PROJECT_VERSION = 1;
				GENERATE_INFOPLIST_FILE = YES;
				INFOPLIST_FILE = assessmentTask/Info.plist;
				INFOPLIST_KEY_UIApplicationSupportsIndirectInputEvents = YES;
				INFOPLIST_KEY_UILaunchStoryboardName = LaunchScreen;
				INFOPLIST_KEY_UIMainStoryboardFile = Main;
				INFOPLIST_KEY_UISupportedInterfaceOrientations_iPad = "UIInterfaceOrientationPortrait UIInterfaceOrientationPortraitUpsideDown UIInterfaceOrientationLandscapeLeft UIInterfaceOrientationLandscapeRight";
				INFOPLIST_KEY_UISupportedInterfaceOrientations_iPhone = "UIInterfaceOrientationPortrait UIInterfaceOrientationLandscapeLeft UIInterfaceOrientationLandscapeRight";
				IPHONEOS_DEPLOYMENT_TARGET = 16.0;
				LD_RUNPATH_SEARCH_PATHS = (
					"$(inherited)",
					"@executable_path/Frameworks",
				);
				MARKETING_VERSION = 1.0;
				PRODUCT_BUNDLE_IDENTIFIER = com.JEET.watchDemoWOS.assessmentTask;
				PRODUCT_NAME = "$(TARGET_NAME)";
				SWIFT_EMIT_LOC_STRINGS = YES;
				SWIFT_VERSION = 5.0;
				TARGETED_DEVICE_FAMILY = "1,2";
			};
			name = Debug;
		};
		39AFF9DC2CD63C1E00B00CF9 /* Release */ = {
			isa = XCBuildConfiguration;
			buildSettings = {
				ASSETCATALOG_COMPILER_APPICON_NAME = AppIcon;
				ASSETCATALOG_COMPILER_GLOBAL_ACCENT_COLOR_NAME = AccentColor;
				CODE_SIGN_STYLE = Automatic;
				CURRENT_PROJECT_VERSION = 1;
				GENERATE_INFOPLIST_FILE = YES;
				INFOPLIST_FILE = assessmentTask/Info.plist;
				INFOPLIST_KEY_UIApplicationSupportsIndirectInputEvents = YES;
				INFOPLIST_KEY_UILaunchStoryboardName = LaunchScreen;
				INFOPLIST_KEY_UIMainStoryboardFile = Main;
				INFOPLIST_KEY_UISupportedInterfaceOrientations_iPad = "UIInterfaceOrientationPortrait UIInterfaceOrientationPortraitUpsideDown UIInterfaceOrientationLandscapeLeft UIInterfaceOrientationLandscapeRight";
				INFOPLIST_KEY_UISupportedInterfaceOrientations_iPhone = "UIInterfaceOrientationPortrait UIInterfaceOrientationLandscapeLeft UIInterfaceOrientationLandscapeRight";
				IPHONEOS_DEPLOYMENT_TARGET = 16.0;
				LD_RUNPATH_SEARCH_PATHS = (
					"$(inherited)",
					"@executable_path/Frameworks",
				);
				MARKETING_VERSION = 1.0;
				PRODUCT_BUNDLE_IDENTIFIER = com.JEET.watchDemoWOS.assessmentTask;
				PRODUCT_NAME = "$(TARGET_NAME)";
				SWIFT_EMIT_LOC_STRINGS = YES;
				SWIFT_VERSION = 5.0;
				TARGETED_DEVICE_FAMILY = "1,2";
			};
			name = Release;
		};
/* End XCBuildConfiguration section */

/* Begin XCConfigurationList section */
		39AFF9C12CD63C1D00B00CF9 /* Build configuration list for PBXProject "assessmentTask" */ = {
			isa = XCConfigurationList;
			buildConfigurations = (
				39AFF9D82CD63C1E00B00CF9 /* Debug */,
				39AFF9D92CD63C1E00B00CF9 /* Release */,
			);
			defaultConfigurationIsVisible = 0;
			defaultConfigurationName = Release;
		};
		39AFF9DA2CD63C1E00B00CF9 /* Build configuration list for PBXNativeTarget "assessmentTask" */ = {
			isa = XCConfigurationList;
			buildConfigurations = (
				39AFF9DB2CD63C1E00B00CF9 /* Debug */,
				39AFF9DC2CD63C1E00B00CF9 /* Release */,
			);
			defaultConfigurationIsVisible = 0;
			defaultConfigurationName = Release;
		};
/* End XCConfigurationList section */
	};
	rootObject = 39AFF9BE2CD63C1D00B00CF9 /* Project object */;
}
